
Microsoft Visual Studio Solution File, Format Version 12.00
# Visual Studio Version 17
VisualStudioVersion = 17.0.32112.339
MinimumVisualStudioVersion = 10.0.40219.1
Project("{9A19103F-16F7-4668-BE54-9A1E7A4F7556}") = "Phase1Section3.4", "Phase1Section3.4\Phase1Section3.4.csproj", "{C01BA58E-B39F-4AAC-B3D9-B0450ECE7FE0}"
EndProject
Project("{9A19103F-16F7-4668-BE54-9A1E7A4F7556}") = "Phase1Section3.6", "Phase1Section3.6\Phase1Section3.6.csproj", "{99090A37-9605-4112-ADB1-65A7C09B231E}"
EndProject
Project("{9A19103F-16F7-4668-BE54-9A1E7A4F7556}") = "Phase1Section3.8", "Phase1Section3.8\Phase1Section3.8.csproj", "{EC8C371A-257F-47D4-8C23-7AE22A41CB5B}"
EndProject
Project("{9A19103F-16F7-4668-BE54-9A1E7A4F7556}") = "Phase1Section3.10", "Phase1Section3.10\Phase1Section3.10.csproj", "{8F6A6274-E9E6-466E-8660-48456E72A67A}"
EndProject
Project("{9A19103F-16F7-4668-BE54-9A1E7A4F7556}") = "Phase1Section3.12", "Phase1Section3.12\Phase1Section3.12.csproj", "{F77E8377-3E65-4AAB-AD48-F2DF5C22B8CA}"
EndProject
Project("{9A19103F-16F7-4668-BE54-9A1E7A4F7556}") = "Phase1Section4.4", "Phase1Section4.4\Phase1Section4.4.csproj", "{8C3DE212-802B-4FC4-8F3B-BA6264A28C8C}"
EndProject
Project("{9A19103F-16F7-4668-BE54-9A1E7A4F7556}") = "Phase1Section4.7b", "Phase1Section4.7b\Phase1Section4.7b.csproj", "{3950B187-19B1-4719-AD40-968A2E690AAC}"
EndProject
Project("{9A19103F-16F7-4668-BE54-9A1E7A4F7556}") = "Phase1Section4.7c", "Phase1Section4.7c\Phase1Section4.7c.csproj", "{61B0DAF1-AD99-4F8C-B942-9F4C6F85D19B}"
EndProject
Project("{9A19103F-16F7-4668-BE54-9A1E7A4F7556}") = "Phase1Section4.9", "Phase1Section4.9\Phase1Section4.9.csproj", "{56F8F8F4-1B57-4ECF-A1F6-1EF1F9FAD635}"
EndProject
Project("{9A19103F-16F7-4668-BE54-9A1E7A4F7556}") = "Phase1Section4.11", "Phase1Section4.11\Phase1Section4.11.csproj", "{F3A60D7B-7E05-4077-8742-DEC4B5B561BD}"
EndProject
Project("{9A19103F-16F7-4668-BE54-9A1E7A4F7556}") = "Phase1Section4.13", "Phase1Section4.13\Phase1Section4.13.csproj", "{88B73DD8-AE5F-4B4D-A01D-5A08B7590B4E}"
EndProject
Project("{9A19103F-16F7-4668-BE54-9A1E7A4F7556}") = "Phase1Section4.15", "Phase1Section4.15\Phase1Section4.15.csproj", "{E26310E8-C51F-49A4-9422-04264AA4218B}"
EndProject
Project("{9A19103F-16F7-4668-BE54-9A1E7A4F7556}") = "Phase1Section4.21", "Phase1Section4.21\Phase1Section4.21.csproj", "{014168E1-1001-4EB0-938A-04001F778EF2}"
EndProject
Project("{9A19103F-16F7-4668-BE54-9A1E7A4F7556}") = "Phase1Section4.23", "Phase1Section4._23\Phase1Section4.23.csproj", "{E5826C0F-83E2-442A-88CB-C7AB825639B3}"
EndProject
Project("{9A19103F-16F7-4668-BE54-9A1E7A4F7556}") = "Phase1Section4.25", "Phase1Section4.25\Phase1Section4.25.csproj", "{B3BBC3C9-771D-4BB0-8D0A-7EAB90988642}"
EndProject
Project("{9A19103F-16F7-4668-BE54-9A1E7A4F7556}") = "Phase1Section4.27", "Phase1Section4.27\Phase1Section4.27.csproj", "{1AD2C73E-B834-4EAD-85D5-403A837697A4}"
EndProject
Project("{9A19103F-16F7-4668-BE54-9A1E7A4F7556}") = "Phase1Section4.29", "Phase1Section4.29\Phase1Section4.29.csproj", "{5C5B9F85-34DF-449B-806C-AAA3D5458BCB}"
EndProject
Project("{9A19103F-16F7-4668-BE54-9A1E7A4F7556}") = "Phase1Section4.31", "Phase1Section4.31\Phase1Section4.31.csproj", "{389A2B1E-E0C1-4E89-B587-69C981A27AAE}"
EndProject
Project("{9A19103F-16F7-4668-BE54-9A1E7A4F7556}") = "Phase1Section4.33", "Phase1Section4.33\Phase1Section4.33.csproj", "{90FB36CA-FB53-4358-BD8E-97A8F1FF5AA8}"
EndProject
Project("{9A19103F-16F7-4668-BE54-9A1E7A4F7556}") = "Phase1Section5.4", "Phase1Section5.4\Phase1Section5.4.csproj", "{512F4865-0F6D-49AE-8F83-636A958C4F91}"
EndProject
Project("{9A19103F-16F7-4668-BE54-9A1E7A4F7556}") = "Phase1Section5.6", "Phase1Section5.6\Phase1Section5.6.csproj", "{BD2DAC02-5CE9-49D4-8251-0AD4EF8E9A66}"
EndProject
Project("{9A19103F-16F7-4668-BE54-9A1E7A4F7556}") = "Phase1Section5.8", "Phase1Section5.8\Phase1Section5.8.csproj", "{4C2378D3-68D8-483C-BF5B-F94ABC0C4D20}"
EndProject
Project("{9A19103F-16F7-4668-BE54-9A1E7A4F7556}") = "Phase1Section5.10", "Phase1Section5.10\Phase1Section5.10.csproj", "{F948BBCE-E18B-4220-A8A9-CDF7BC47AB67}"
EndProject
Project("{9A19103F-16F7-4668-BE54-9A1E7A4F7556}") = "Phase1Section5.12", "Phase1Section5.12\Phase1Section5.12.csproj", "{1EC0653A-5C78-43D4-A8BA-A4A73965B3CF}"
EndProject
Project("{9A19103F-16F7-4668-BE54-9A1E7A4F7556}") = "Phase1Section6.4", "Phase1Section6.4\Phase1Section6.4.csproj", "{8F1E7B77-9F83-4B6D-A635-1846E7C353B1}"
EndProject
Project("{9A19103F-16F7-4668-BE54-9A1E7A4F7556}") = "Phase1Section6.6", "Phase1Section6.6\Phase1Section6.6.csproj", "{F4B0CE5C-6B2B-4FE5-BF78-78608F868BD1}"
EndProject
Project("{9A19103F-16F7-4668-BE54-9A1E7A4F7556}") = "Phase1Section6.8", "Phase1Section6.8\Phase1Section6.8.csproj", "{6F139397-074F-4ADF-BB40-DD80A050CA4C}"
EndProject
Project("{9A19103F-16F7-4668-BE54-9A1E7A4F7556}") = "Phase1Section7.1", "Phase1Section7.1\Phase1Section7.1.csproj", "{0ED0382F-5E66-426D-B7BD-F206B06E3F4D}"
EndProject
Project("{9A19103F-16F7-4668-BE54-9A1E7A4F7556}") = "Phase1Section7.9JRH", "Phase1Section7.9JRH\Phase1Section7.9JRH.csproj", "{F7B126E8-AAD1-479D-92F1-346B58D804DA}"
EndProject
Project("{FAE04EC0-301F-11D3-BF4B-00C04F79EFBC}") = "LocalNugetRepo", "LocalNugetRepo\LocalNugetRepo.csproj", "{DFE77022-201C-407D-BECC-F57BEE56865D}"
EndProject
Project("{9A19103F-16F7-4668-BE54-9A1E7A4F7556}") = "Phase2Section2.1", "Phase2Section2.1\Phase2Section2.1.csproj", "{DF2F6998-9C56-4859-A882-DB707A147213}"
EndProject
Project("{9A19103F-16F7-4668-BE54-9A1E7A4F7556}") = "Phase2Section2.5", "Phase2Section2.5\Phase2Section2.5.csproj", "{8FF4CC09-706F-4701-9D45-C2497AF8D77D}"
EndProject
Project("{9A19103F-16F7-4668-BE54-9A1E7A4F7556}") = "Phase2Section2.7", "Phase2Section2.7\Phase2Section2.7.csproj", "{5A66AD11-54D2-4D78-ACDA-62473A147FE2}"
EndProject
Project("{9A19103F-16F7-4668-BE54-9A1E7A4F7556}") = "Phase2Section2.9", "Phase2Section2.9\Phase2Section2.9.csproj", "{DD7FE561-6AF5-4E40-99EA-9AFCCCEA64D7}"
EndProject
Project("{9A19103F-16F7-4668-BE54-9A1E7A4F7556}") = "Phase2Section2.10", "Phase2Section2.10\Phase2Section2.10.csproj", "{DE879822-6E23-47FB-BF08-DB70E15348D9}"
EndProject
Project("{9A19103F-16F7-4668-BE54-9A1E7A4F7556}") = "Phase2Section2.12", "Phase2Section2.12\Phase2Section2.12.csproj", "{644145D0-6773-42F8-89DD-AAAB2DBB562C}"
EndProject
Project("{9A19103F-16F7-4668-BE54-9A1E7A4F7556}") = "Phase2Section2.14", "Phase2Section2.14\Phase2Section2.14.csproj", "{1BFC96B6-4EEB-44F7-9B56-A1AF51BC35C0}"
EndProject
Project("{9A19103F-16F7-4668-BE54-9A1E7A4F7556}") = "Phase2Section2.16", "Phase2Section2.16\Phase2Section2.16.csproj", "{9503D7A1-F9D3-4D1D-91A5-B53934E6BDBA}"
EndProject
Project("{9A19103F-16F7-4668-BE54-9A1E7A4F7556}") = "Phase2Section2.18", "Phase2Section2.18\Phase2Section2.18.csproj", "{5352C6FE-4B63-49EF-A4D5-39893C28FE23}"
EndProject
Project("{9A19103F-16F7-4668-BE54-9A1E7A4F7556}") = "Phase2Section2.20", "Phase2Section2.20\Phase2Section2.20.csproj", "{E7DCA99F-0858-43CC-B967-EA136B636996}"
EndProject
Project("{9A19103F-16F7-4668-BE54-9A1E7A4F7556}") = "Phase2Section2.22", "Phase2Section2.22\Phase2Section2.22.csproj", "{B3E8A38E-A9AF-4443-9527-DEDD6FB95B78}"
EndProject
Project("{9A19103F-16F7-4668-BE54-9A1E7A4F7556}") = "Phase2Section2.26", "Phase2Section2.26\Phase2Section2.26.csproj", "{386DC0C7-E3D1-4F72-B286-BB47FFFB41F7}"
EndProject
Project("{9A19103F-16F7-4668-BE54-9A1E7A4F7556}") = "SchoolEfDAL", "SchoolEfDAL\SchoolEfDAL.csproj", "{453D59E3-19D8-4D4A-8592-3131EDD2086A}"
EndProject
Project("{9A19103F-16F7-4668-BE54-9A1E7A4F7556}") = "Phase2Section2.30", "Phase2Section2.30\Phase2Section2.30.csproj", "{193FCDC2-341B-4DE3-AF93-1B35C225538C}"
EndProject
Project("{9A19103F-16F7-4668-BE54-9A1E7A4F7556}") = "Phase2Section2.24", "Phase2Section2.24\Phase2Section2.24.csproj", "{8B95739B-B143-42FE-9324-BD1699448BED}"
EndProject
Project("{9A19103F-16F7-4668-BE54-9A1E7A4F7556}") = "Phase2Section2.32", "Phase2Section2.32\Phase2Section2.32.csproj", "{A4A84DDB-65F6-4893-B4CB-F80871E4DE88}"
EndProject
Project("{FAE04EC0-301F-11D3-BF4B-00C04F79EFBC}") = "Phase2Section3.1", "Phase2Section3.1\Phase2Section3.1.csproj", "{AF179D43-A193-4743-B79A-C78B6E798861}"
EndProject
Project("{FAE04EC0-301F-11D3-BF4B-00C04F79EFBC}") = "Phase2Section3.5", "Phase2Section3.5\Phase2Section3.5.csproj", "{A914A5A1-D20D-41AA-B2CD-D11FF194378D}"
EndProject
Project("{FAE04EC0-301F-11D3-BF4B-00C04F79EFBC}") = "Phase2Section3.6", "Phase2Section3.6\Phase2Section3.6.csproj", "{5375BA16-E177-434A-BD7C-9916201A99AB}"
EndProject
Project("{9A19103F-16F7-4668-BE54-9A1E7A4F7556}") = "Phase2Section4.5", "Phase2Section4.5\Phase2Section4.5.csproj", "{C108654C-5158-42F5-818A-CEEFC4E83CD2}"
EndProject
Project("{9A19103F-16F7-4668-BE54-9A1E7A4F7556}") = "StudentAdoDAL", "StudentAdoDAL\StudentAdoDAL.csproj", "{70EE60A3-368F-496C-A8D6-AA04D03A1053}"
EndProject
Project("{9A19103F-16F7-4668-BE54-9A1E7A4F7556}") = "Phase2Section4.7", "Phase2Section4.7\Phase2Section4.7.csproj", "{DAD2149B-E359-4778-9AD6-436FF1BF6581}"
EndProject
Project("{9A19103F-16F7-4668-BE54-9A1E7A4F7556}") = "Phase2Section4.9", "Phase2Section4.9\Phase2Section4.9.csproj", "{248F59D4-5571-457A-BFDA-3CE1EFB41B28}"
EndProject
Project("{9A19103F-16F7-4668-BE54-9A1E7A4F7556}") = "Phase2Section4.13", "Phase2Section4.13\Phase2Section4.13.csproj", "{DEA37391-3CA8-4891-87A9-30E8A0C5AE73}"
EndProject
Project("{9A19103F-16F7-4668-BE54-9A1E7A4F7556}") = "Phase2Section4.15", "Phase2Section4.15\Phase2Section4.15.csproj", "{F4CAA255-AFC0-4350-81BD-B4A230D1B814}"
EndProject
Project("{9A19103F-16F7-4668-BE54-9A1E7A4F7556}") = "Phase2Section4.17", "Phase2Section4.17\Phase2Section4.17.csproj", "{4F6F8ECA-B3D0-434A-A66A-4D52F12B79D8}"
EndProject
Project("{9A19103F-16F7-4668-BE54-9A1E7A4F7556}") = "Phase2Section4.19", "Phase2Section4.19\Phase2Section4.19.csproj", "{7C196400-5D01-47FC-BAE3-55C10C7AAF65}"
EndProject
Project("{9A19103F-16F7-4668-BE54-9A1E7A4F7556}") = "Phase2Section4.21", "Phase2Section4.21\Phase2Section4.21.csproj", "{57608BD8-0A45-497F-9263-4047F935B185}"
EndProject
Project("{9A19103F-16F7-4668-BE54-9A1E7A4F7556}") = "Phase2Section4.23", "Phase2Section4.23\Phase2Section4.23.csproj", "{25D98407-DD32-4096-8ECC-C9146793C893}"
EndProject
Project("{9A19103F-16F7-4668-BE54-9A1E7A4F7556}") = "Phase2Section4.25", "Phase2Section4.25\Phase2Section4.25.csproj", "{4BE99B7F-6C30-401F-B5FF-AC56175FF637}"
EndProject
Project("{9A19103F-16F7-4668-BE54-9A1E7A4F7556}") = "Phase2Section5.1", "Phase2Section5.1\Phase2Section5.1.csproj", "{2E593C77-7CD9-484A-8C62-7574072760AD}"
EndProject
Project("{9A19103F-16F7-4668-BE54-9A1E7A4F7556}") = "Phase2Section5.1a", "Phase2Section5.1a\Phase2Section5.1a.csproj", "{5DD783B2-F762-4726-A1B1-DEE2C351C838}"
EndProject
Project("{9A19103F-16F7-4668-BE54-9A1E7A4F7556}") = "Phase2Section5.2", "Phase2Section5.2\Phase2Section5.2.csproj", "{A8C4DA3B-06F2-4772-A2F3-BECA872D404B}"
EndProject
Project("{9A19103F-16F7-4668-BE54-9A1E7A4F7556}") = "Phase2Section5.5", "Phase2Section5.5\Phase2Section5.5.csproj", "{AEB657E5-985D-426A-A659-77C84B7E4010}"
EndProject
Project("{9A19103F-16F7-4668-BE54-9A1E7A4F7556}") = "Phase2Section5.7", "Phase2Section5.7\Phase2Section5.7.csproj", "{135EA3DB-E6A9-4017-B001-0E89FE82627F}"
EndProject
Project("{9A19103F-16F7-4668-BE54-9A1E7A4F7556}") = "Phase2Section5.7a", "Phase2Section5.7a\Phase2Section5.7a.csproj", "{E3EC2658-4E99-423A-9C36-E2B395B96576}"
EndProject
Project("{9A19103F-16F7-4668-BE54-9A1E7A4F7556}") = "Phase2Section5.8", "Phase2Section5.8\Phase2Section5.8.csproj", "{F027467A-41EE-4B38-866B-08CF2F0DB49F}"
EndProject
Project("{9A19103F-16F7-4668-BE54-9A1E7A4F7556}") = "Phase2Section5.9", "Phase2Section5.9\Phase2Section5.9.csproj", "{FB850D34-9D07-4D93-AC3D-B4D4386FAF93}"
EndProject
Project("{9A19103F-16F7-4668-BE54-9A1E7A4F7556}") = "Phase3Section2", "Phase3Section2\Phase3Section2.csproj", "{8457EBC0-5462-4482-ACC1-6D92629D1671}"
EndProject
Project("{9A19103F-16F7-4668-BE54-9A1E7A4F7556}") = "Phase3Section3", "Phase3Section3\Phase3Section3.csproj", "{B36B338B-40B2-423B-BFE2-3ABC178D004D}"
EndProject
Project("{9A19103F-16F7-4668-BE54-9A1E7A4F7556}") = "Phase3Section4", "Phase3Section4\Phase3Section4.csproj", "{48351B22-F2A0-4078-B2CC-FF33DA2C346C}"
EndProject
Project("{FAE04EC0-301F-11D3-BF4B-00C04F79EFBC}") = "Phase4Section1", "Phase4Section1\Phase4Section1.csproj", "{F69ADB05-A0DB-40A8-917E-ECE6D26A69C1}"
EndProject
Project("{FAE04EC0-301F-11D3-BF4B-00C04F79EFBC}") = "Phase4Section1Exe", "Phase4Section1Exe\Phase4Section1Exe.csproj", "{5CC8676A-187B-4FCB-89FA-BFB0F61E4EEA}"
EndProject
Project("{FAE04EC0-301F-11D3-BF4B-00C04F79EFBC}") = "Phase4Section1.UnitTests", "Phase4Section1.UnitTests\Phase4Section1.UnitTests.csproj", "{27889B36-60B3-4D13-BEFA-404160AC7FBD}"
EndProject
Global
	GlobalSection(SolutionConfigurationPlatforms) = preSolution
		Debug|Any CPU = Debug|Any CPU
		Release|Any CPU = Release|Any CPU
	EndGlobalSection
	GlobalSection(ProjectConfigurationPlatforms) = postSolution
		{C01BA58E-B39F-4AAC-B3D9-B0450ECE7FE0}.Debug|Any CPU.ActiveCfg = Debug|Any CPU
		{C01BA58E-B39F-4AAC-B3D9-B0450ECE7FE0}.Debug|Any CPU.Build.0 = Debug|Any CPU
		{C01BA58E-B39F-4AAC-B3D9-B0450ECE7FE0}.Release|Any CPU.ActiveCfg = Release|Any CPU
		{C01BA58E-B39F-4AAC-B3D9-B0450ECE7FE0}.Release|Any CPU.Build.0 = Release|Any CPU
		{99090A37-9605-4112-ADB1-65A7C09B231E}.Debug|Any CPU.ActiveCfg = Debug|Any CPU
		{99090A37-9605-4112-ADB1-65A7C09B231E}.Debug|Any CPU.Build.0 = Debug|Any CPU
		{99090A37-9605-4112-ADB1-65A7C09B231E}.Release|Any CPU.ActiveCfg = Release|Any CPU
		{99090A37-9605-4112-ADB1-65A7C09B231E}.Release|Any CPU.Build.0 = Release|Any CPU
		{EC8C371A-257F-47D4-8C23-7AE22A41CB5B}.Debug|Any CPU.ActiveCfg = Debug|Any CPU
		{EC8C371A-257F-47D4-8C23-7AE22A41CB5B}.Debug|Any CPU.Build.0 = Debug|Any CPU
		{EC8C371A-257F-47D4-8C23-7AE22A41CB5B}.Release|Any CPU.ActiveCfg = Release|Any CPU
		{EC8C371A-257F-47D4-8C23-7AE22A41CB5B}.Release|Any CPU.Build.0 = Release|Any CPU
		{8F6A6274-E9E6-466E-8660-48456E72A67A}.Debug|Any CPU.ActiveCfg = Debug|Any CPU
		{8F6A6274-E9E6-466E-8660-48456E72A67A}.Debug|Any CPU.Build.0 = Debug|Any CPU
		{8F6A6274-E9E6-466E-8660-48456E72A67A}.Release|Any CPU.ActiveCfg = Release|Any CPU
		{8F6A6274-E9E6-466E-8660-48456E72A67A}.Release|Any CPU.Build.0 = Release|Any CPU
		{F77E8377-3E65-4AAB-AD48-F2DF5C22B8CA}.Debug|Any CPU.ActiveCfg = Debug|Any CPU
		{F77E8377-3E65-4AAB-AD48-F2DF5C22B8CA}.Debug|Any CPU.Build.0 = Debug|Any CPU
		{F77E8377-3E65-4AAB-AD48-F2DF5C22B8CA}.Release|Any CPU.ActiveCfg = Release|Any CPU
		{F77E8377-3E65-4AAB-AD48-F2DF5C22B8CA}.Release|Any CPU.Build.0 = Release|Any CPU
		{8C3DE212-802B-4FC4-8F3B-BA6264A28C8C}.Debug|Any CPU.ActiveCfg = Debug|Any CPU
		{8C3DE212-802B-4FC4-8F3B-BA6264A28C8C}.Debug|Any CPU.Build.0 = Debug|Any CPU
		{8C3DE212-802B-4FC4-8F3B-BA6264A28C8C}.Release|Any CPU.ActiveCfg = Release|Any CPU
		{8C3DE212-802B-4FC4-8F3B-BA6264A28C8C}.Release|Any CPU.Build.0 = Release|Any CPU
		{3950B187-19B1-4719-AD40-968A2E690AAC}.Debug|Any CPU.ActiveCfg = Debug|Any CPU
		{3950B187-19B1-4719-AD40-968A2E690AAC}.Debug|Any CPU.Build.0 = Debug|Any CPU
		{3950B187-19B1-4719-AD40-968A2E690AAC}.Release|Any CPU.ActiveCfg = Release|Any CPU
		{3950B187-19B1-4719-AD40-968A2E690AAC}.Release|Any CPU.Build.0 = Release|Any CPU
		{61B0DAF1-AD99-4F8C-B942-9F4C6F85D19B}.Debug|Any CPU.ActiveCfg = Debug|Any CPU
		{61B0DAF1-AD99-4F8C-B942-9F4C6F85D19B}.Debug|Any CPU.Build.0 = Debug|Any CPU
		{61B0DAF1-AD99-4F8C-B942-9F4C6F85D19B}.Release|Any CPU.ActiveCfg = Release|Any CPU
		{61B0DAF1-AD99-4F8C-B942-9F4C6F85D19B}.Release|Any CPU.Build.0 = Release|Any CPU
		{56F8F8F4-1B57-4ECF-A1F6-1EF1F9FAD635}.Debug|Any CPU.ActiveCfg = Debug|Any CPU
		{56F8F8F4-1B57-4ECF-A1F6-1EF1F9FAD635}.Debug|Any CPU.Build.0 = Debug|Any CPU
		{56F8F8F4-1B57-4ECF-A1F6-1EF1F9FAD635}.Release|Any CPU.ActiveCfg = Release|Any CPU
		{56F8F8F4-1B57-4ECF-A1F6-1EF1F9FAD635}.Release|Any CPU.Build.0 = Release|Any CPU
		{F3A60D7B-7E05-4077-8742-DEC4B5B561BD}.Debug|Any CPU.ActiveCfg = Debug|Any CPU
		{F3A60D7B-7E05-4077-8742-DEC4B5B561BD}.Debug|Any CPU.Build.0 = Debug|Any CPU
		{F3A60D7B-7E05-4077-8742-DEC4B5B561BD}.Release|Any CPU.ActiveCfg = Release|Any CPU
		{F3A60D7B-7E05-4077-8742-DEC4B5B561BD}.Release|Any CPU.Build.0 = Release|Any CPU
		{88B73DD8-AE5F-4B4D-A01D-5A08B7590B4E}.Debug|Any CPU.ActiveCfg = Debug|Any CPU
		{88B73DD8-AE5F-4B4D-A01D-5A08B7590B4E}.Debug|Any CPU.Build.0 = Debug|Any CPU
		{88B73DD8-AE5F-4B4D-A01D-5A08B7590B4E}.Release|Any CPU.ActiveCfg = Release|Any CPU
		{88B73DD8-AE5F-4B4D-A01D-5A08B7590B4E}.Release|Any CPU.Build.0 = Release|Any CPU
		{E26310E8-C51F-49A4-9422-04264AA4218B}.Debug|Any CPU.ActiveCfg = Debug|Any CPU
		{E26310E8-C51F-49A4-9422-04264AA4218B}.Debug|Any CPU.Build.0 = Debug|Any CPU
		{E26310E8-C51F-49A4-9422-04264AA4218B}.Release|Any CPU.ActiveCfg = Release|Any CPU
		{E26310E8-C51F-49A4-9422-04264AA4218B}.Release|Any CPU.Build.0 = Release|Any CPU
		{014168E1-1001-4EB0-938A-04001F778EF2}.Debug|Any CPU.ActiveCfg = Debug|Any CPU
		{014168E1-1001-4EB0-938A-04001F778EF2}.Debug|Any CPU.Build.0 = Debug|Any CPU
		{014168E1-1001-4EB0-938A-04001F778EF2}.Release|Any CPU.ActiveCfg = Release|Any CPU
		{014168E1-1001-4EB0-938A-04001F778EF2}.Release|Any CPU.Build.0 = Release|Any CPU
		{E5826C0F-83E2-442A-88CB-C7AB825639B3}.Debug|Any CPU.ActiveCfg = Debug|Any CPU
		{E5826C0F-83E2-442A-88CB-C7AB825639B3}.Debug|Any CPU.Build.0 = Debug|Any CPU
		{E5826C0F-83E2-442A-88CB-C7AB825639B3}.Release|Any CPU.ActiveCfg = Release|Any CPU
		{E5826C0F-83E2-442A-88CB-C7AB825639B3}.Release|Any CPU.Build.0 = Release|Any CPU
		{B3BBC3C9-771D-4BB0-8D0A-7EAB90988642}.Debug|Any CPU.ActiveCfg = Debug|Any CPU
		{B3BBC3C9-771D-4BB0-8D0A-7EAB90988642}.Debug|Any CPU.Build.0 = Debug|Any CPU
		{B3BBC3C9-771D-4BB0-8D0A-7EAB90988642}.Release|Any CPU.ActiveCfg = Release|Any CPU
		{B3BBC3C9-771D-4BB0-8D0A-7EAB90988642}.Release|Any CPU.Build.0 = Release|Any CPU
		{1AD2C73E-B834-4EAD-85D5-403A837697A4}.Debug|Any CPU.ActiveCfg = Debug|Any CPU
		{1AD2C73E-B834-4EAD-85D5-403A837697A4}.Debug|Any CPU.Build.0 = Debug|Any CPU
		{1AD2C73E-B834-4EAD-85D5-403A837697A4}.Release|Any CPU.ActiveCfg = Release|Any CPU
		{1AD2C73E-B834-4EAD-85D5-403A837697A4}.Release|Any CPU.Build.0 = Release|Any CPU
		{5C5B9F85-34DF-449B-806C-AAA3D5458BCB}.Debug|Any CPU.ActiveCfg = Debug|Any CPU
		{5C5B9F85-34DF-449B-806C-AAA3D5458BCB}.Debug|Any CPU.Build.0 = Debug|Any CPU
		{5C5B9F85-34DF-449B-806C-AAA3D5458BCB}.Release|Any CPU.ActiveCfg = Release|Any CPU
		{5C5B9F85-34DF-449B-806C-AAA3D5458BCB}.Release|Any CPU.Build.0 = Release|Any CPU
		{389A2B1E-E0C1-4E89-B587-69C981A27AAE}.Debug|Any CPU.ActiveCfg = Debug|Any CPU
		{389A2B1E-E0C1-4E89-B587-69C981A27AAE}.Debug|Any CPU.Build.0 = Debug|Any CPU
		{389A2B1E-E0C1-4E89-B587-69C981A27AAE}.Release|Any CPU.ActiveCfg = Release|Any CPU
		{389A2B1E-E0C1-4E89-B587-69C981A27AAE}.Release|Any CPU.Build.0 = Release|Any CPU
		{90FB36CA-FB53-4358-BD8E-97A8F1FF5AA8}.Debug|Any CPU.ActiveCfg = Debug|Any CPU
		{90FB36CA-FB53-4358-BD8E-97A8F1FF5AA8}.Debug|Any CPU.Build.0 = Debug|Any CPU
		{90FB36CA-FB53-4358-BD8E-97A8F1FF5AA8}.Release|Any CPU.ActiveCfg = Release|Any CPU
		{90FB36CA-FB53-4358-BD8E-97A8F1FF5AA8}.Release|Any CPU.Build.0 = Release|Any CPU
		{512F4865-0F6D-49AE-8F83-636A958C4F91}.Debug|Any CPU.ActiveCfg = Debug|Any CPU
		{512F4865-0F6D-49AE-8F83-636A958C4F91}.Debug|Any CPU.Build.0 = Debug|Any CPU
		{512F4865-0F6D-49AE-8F83-636A958C4F91}.Release|Any CPU.ActiveCfg = Release|Any CPU
		{512F4865-0F6D-49AE-8F83-636A958C4F91}.Release|Any CPU.Build.0 = Release|Any CPU
		{BD2DAC02-5CE9-49D4-8251-0AD4EF8E9A66}.Debug|Any CPU.ActiveCfg = Debug|Any CPU
		{BD2DAC02-5CE9-49D4-8251-0AD4EF8E9A66}.Debug|Any CPU.Build.0 = Debug|Any CPU
		{BD2DAC02-5CE9-49D4-8251-0AD4EF8E9A66}.Release|Any CPU.ActiveCfg = Release|Any CPU
		{BD2DAC02-5CE9-49D4-8251-0AD4EF8E9A66}.Release|Any CPU.Build.0 = Release|Any CPU
		{4C2378D3-68D8-483C-BF5B-F94ABC0C4D20}.Debug|Any CPU.ActiveCfg = Debug|Any CPU
		{4C2378D3-68D8-483C-BF5B-F94ABC0C4D20}.Debug|Any CPU.Build.0 = Debug|Any CPU
		{4C2378D3-68D8-483C-BF5B-F94ABC0C4D20}.Release|Any CPU.ActiveCfg = Release|Any CPU
		{4C2378D3-68D8-483C-BF5B-F94ABC0C4D20}.Release|Any CPU.Build.0 = Release|Any CPU
		{F948BBCE-E18B-4220-A8A9-CDF7BC47AB67}.Debug|Any CPU.ActiveCfg = Debug|Any CPU
		{F948BBCE-E18B-4220-A8A9-CDF7BC47AB67}.Debug|Any CPU.Build.0 = Debug|Any CPU
		{F948BBCE-E18B-4220-A8A9-CDF7BC47AB67}.Release|Any CPU.ActiveCfg = Release|Any CPU
		{F948BBCE-E18B-4220-A8A9-CDF7BC47AB67}.Release|Any CPU.Build.0 = Release|Any CPU
		{1EC0653A-5C78-43D4-A8BA-A4A73965B3CF}.Debug|Any CPU.ActiveCfg = Debug|Any CPU
		{1EC0653A-5C78-43D4-A8BA-A4A73965B3CF}.Debug|Any CPU.Build.0 = Debug|Any CPU
		{1EC0653A-5C78-43D4-A8BA-A4A73965B3CF}.Release|Any CPU.ActiveCfg = Release|Any CPU
		{1EC0653A-5C78-43D4-A8BA-A4A73965B3CF}.Release|Any CPU.Build.0 = Release|Any CPU
		{8F1E7B77-9F83-4B6D-A635-1846E7C353B1}.Debug|Any CPU.ActiveCfg = Debug|Any CPU
		{8F1E7B77-9F83-4B6D-A635-1846E7C353B1}.Debug|Any CPU.Build.0 = Debug|Any CPU
		{8F1E7B77-9F83-4B6D-A635-1846E7C353B1}.Release|Any CPU.ActiveCfg = Release|Any CPU
		{8F1E7B77-9F83-4B6D-A635-1846E7C353B1}.Release|Any CPU.Build.0 = Release|Any CPU
		{F4B0CE5C-6B2B-4FE5-BF78-78608F868BD1}.Debug|Any CPU.ActiveCfg = Debug|Any CPU
		{F4B0CE5C-6B2B-4FE5-BF78-78608F868BD1}.Debug|Any CPU.Build.0 = Debug|Any CPU
		{F4B0CE5C-6B2B-4FE5-BF78-78608F868BD1}.Release|Any CPU.ActiveCfg = Release|Any CPU
		{F4B0CE5C-6B2B-4FE5-BF78-78608F868BD1}.Release|Any CPU.Build.0 = Release|Any CPU
		{6F139397-074F-4ADF-BB40-DD80A050CA4C}.Debug|Any CPU.ActiveCfg = Debug|Any CPU
		{6F139397-074F-4ADF-BB40-DD80A050CA4C}.Debug|Any CPU.Build.0 = Debug|Any CPU
		{6F139397-074F-4ADF-BB40-DD80A050CA4C}.Release|Any CPU.ActiveCfg = Release|Any CPU
		{6F139397-074F-4ADF-BB40-DD80A050CA4C}.Release|Any CPU.Build.0 = Release|Any CPU
		{0ED0382F-5E66-426D-B7BD-F206B06E3F4D}.Debug|Any CPU.ActiveCfg = Debug|Any CPU
		{0ED0382F-5E66-426D-B7BD-F206B06E3F4D}.Debug|Any CPU.Build.0 = Debug|Any CPU
		{0ED0382F-5E66-426D-B7BD-F206B06E3F4D}.Release|Any CPU.ActiveCfg = Release|Any CPU
		{0ED0382F-5E66-426D-B7BD-F206B06E3F4D}.Release|Any CPU.Build.0 = Release|Any CPU
		{F7B126E8-AAD1-479D-92F1-346B58D804DA}.Debug|Any CPU.ActiveCfg = Debug|Any CPU
		{F7B126E8-AAD1-479D-92F1-346B58D804DA}.Debug|Any CPU.Build.0 = Debug|Any CPU
		{F7B126E8-AAD1-479D-92F1-346B58D804DA}.Release|Any CPU.ActiveCfg = Release|Any CPU
		{F7B126E8-AAD1-479D-92F1-346B58D804DA}.Release|Any CPU.Build.0 = Release|Any CPU
		{DFE77022-201C-407D-BECC-F57BEE56865D}.Debug|Any CPU.ActiveCfg = Debug|Any CPU
		{DFE77022-201C-407D-BECC-F57BEE56865D}.Debug|Any CPU.Build.0 = Debug|Any CPU
		{DFE77022-201C-407D-BECC-F57BEE56865D}.Release|Any CPU.ActiveCfg = Release|Any CPU
		{DFE77022-201C-407D-BECC-F57BEE56865D}.Release|Any CPU.Build.0 = Release|Any CPU
		{DF2F6998-9C56-4859-A882-DB707A147213}.Debug|Any CPU.ActiveCfg = Debug|Any CPU
		{DF2F6998-9C56-4859-A882-DB707A147213}.Debug|Any CPU.Build.0 = Debug|Any CPU
		{DF2F6998-9C56-4859-A882-DB707A147213}.Release|Any CPU.ActiveCfg = Release|Any CPU
		{DF2F6998-9C56-4859-A882-DB707A147213}.Release|Any CPU.Build.0 = Release|Any CPU
		{8FF4CC09-706F-4701-9D45-C2497AF8D77D}.Debug|Any CPU.ActiveCfg = Debug|Any CPU
		{8FF4CC09-706F-4701-9D45-C2497AF8D77D}.Debug|Any CPU.Build.0 = Debug|Any CPU
		{8FF4CC09-706F-4701-9D45-C2497AF8D77D}.Release|Any CPU.ActiveCfg = Release|Any CPU
		{8FF4CC09-706F-4701-9D45-C2497AF8D77D}.Release|Any CPU.Build.0 = Release|Any CPU
		{5A66AD11-54D2-4D78-ACDA-62473A147FE2}.Debug|Any CPU.ActiveCfg = Debug|Any CPU
		{5A66AD11-54D2-4D78-ACDA-62473A147FE2}.Debug|Any CPU.Build.0 = Debug|Any CPU
		{5A66AD11-54D2-4D78-ACDA-62473A147FE2}.Release|Any CPU.ActiveCfg = Release|Any CPU
		{5A66AD11-54D2-4D78-ACDA-62473A147FE2}.Release|Any CPU.Build.0 = Release|Any CPU
		{DD7FE561-6AF5-4E40-99EA-9AFCCCEA64D7}.Debug|Any CPU.ActiveCfg = Debug|Any CPU
		{DD7FE561-6AF5-4E40-99EA-9AFCCCEA64D7}.Debug|Any CPU.Build.0 = Debug|Any CPU
		{DD7FE561-6AF5-4E40-99EA-9AFCCCEA64D7}.Release|Any CPU.ActiveCfg = Release|Any CPU
		{DD7FE561-6AF5-4E40-99EA-9AFCCCEA64D7}.Release|Any CPU.Build.0 = Release|Any CPU
		{DE879822-6E23-47FB-BF08-DB70E15348D9}.Debug|Any CPU.ActiveCfg = Debug|Any CPU
		{DE879822-6E23-47FB-BF08-DB70E15348D9}.Debug|Any CPU.Build.0 = Debug|Any CPU
		{DE879822-6E23-47FB-BF08-DB70E15348D9}.Release|Any CPU.ActiveCfg = Release|Any CPU
		{DE879822-6E23-47FB-BF08-DB70E15348D9}.Release|Any CPU.Build.0 = Release|Any CPU
		{644145D0-6773-42F8-89DD-AAAB2DBB562C}.Debug|Any CPU.ActiveCfg = Debug|Any CPU
		{644145D0-6773-42F8-89DD-AAAB2DBB562C}.Debug|Any CPU.Build.0 = Debug|Any CPU
		{644145D0-6773-42F8-89DD-AAAB2DBB562C}.Release|Any CPU.ActiveCfg = Release|Any CPU
		{644145D0-6773-42F8-89DD-AAAB2DBB562C}.Release|Any CPU.Build.0 = Release|Any CPU
		{1BFC96B6-4EEB-44F7-9B56-A1AF51BC35C0}.Debug|Any CPU.ActiveCfg = Debug|Any CPU
		{1BFC96B6-4EEB-44F7-9B56-A1AF51BC35C0}.Debug|Any CPU.Build.0 = Debug|Any CPU
		{1BFC96B6-4EEB-44F7-9B56-A1AF51BC35C0}.Release|Any CPU.ActiveCfg = Release|Any CPU
		{1BFC96B6-4EEB-44F7-9B56-A1AF51BC35C0}.Release|Any CPU.Build.0 = Release|Any CPU
		{9503D7A1-F9D3-4D1D-91A5-B53934E6BDBA}.Debug|Any CPU.ActiveCfg = Debug|Any CPU
		{9503D7A1-F9D3-4D1D-91A5-B53934E6BDBA}.Debug|Any CPU.Build.0 = Debug|Any CPU
		{9503D7A1-F9D3-4D1D-91A5-B53934E6BDBA}.Release|Any CPU.ActiveCfg = Release|Any CPU
		{9503D7A1-F9D3-4D1D-91A5-B53934E6BDBA}.Release|Any CPU.Build.0 = Release|Any CPU
		{5352C6FE-4B63-49EF-A4D5-39893C28FE23}.Debug|Any CPU.ActiveCfg = Debug|Any CPU
		{5352C6FE-4B63-49EF-A4D5-39893C28FE23}.Debug|Any CPU.Build.0 = Debug|Any CPU
		{5352C6FE-4B63-49EF-A4D5-39893C28FE23}.Release|Any CPU.ActiveCfg = Release|Any CPU
		{5352C6FE-4B63-49EF-A4D5-39893C28FE23}.Release|Any CPU.Build.0 = Release|Any CPU
		{E7DCA99F-0858-43CC-B967-EA136B636996}.Debug|Any CPU.ActiveCfg = Debug|Any CPU
		{E7DCA99F-0858-43CC-B967-EA136B636996}.Debug|Any CPU.Build.0 = Debug|Any CPU
		{E7DCA99F-0858-43CC-B967-EA136B636996}.Release|Any CPU.ActiveCfg = Release|Any CPU
		{E7DCA99F-0858-43CC-B967-EA136B636996}.Release|Any CPU.Build.0 = Release|Any CPU
		{B3E8A38E-A9AF-4443-9527-DEDD6FB95B78}.Debug|Any CPU.ActiveCfg = Debug|Any CPU
		{B3E8A38E-A9AF-4443-9527-DEDD6FB95B78}.Debug|Any CPU.Build.0 = Debug|Any CPU
		{B3E8A38E-A9AF-4443-9527-DEDD6FB95B78}.Release|Any CPU.ActiveCfg = Release|Any CPU
		{B3E8A38E-A9AF-4443-9527-DEDD6FB95B78}.Release|Any CPU.Build.0 = Release|Any CPU
		{386DC0C7-E3D1-4F72-B286-BB47FFFB41F7}.Debug|Any CPU.ActiveCfg = Debug|Any CPU
		{386DC0C7-E3D1-4F72-B286-BB47FFFB41F7}.Debug|Any CPU.Build.0 = Debug|Any CPU
		{386DC0C7-E3D1-4F72-B286-BB47FFFB41F7}.Release|Any CPU.ActiveCfg = Release|Any CPU
		{386DC0C7-E3D1-4F72-B286-BB47FFFB41F7}.Release|Any CPU.Build.0 = Release|Any CPU
		{453D59E3-19D8-4D4A-8592-3131EDD2086A}.Debug|Any CPU.ActiveCfg = Debug|Any CPU
		{453D59E3-19D8-4D4A-8592-3131EDD2086A}.Debug|Any CPU.Build.0 = Debug|Any CPU
		{453D59E3-19D8-4D4A-8592-3131EDD2086A}.Release|Any CPU.ActiveCfg = Release|Any CPU
		{453D59E3-19D8-4D4A-8592-3131EDD2086A}.Release|Any CPU.Build.0 = Release|Any CPU
		{193FCDC2-341B-4DE3-AF93-1B35C225538C}.Debug|Any CPU.ActiveCfg = Debug|Any CPU
		{193FCDC2-341B-4DE3-AF93-1B35C225538C}.Debug|Any CPU.Build.0 = Debug|Any CPU
		{193FCDC2-341B-4DE3-AF93-1B35C225538C}.Release|Any CPU.ActiveCfg = Release|Any CPU
		{193FCDC2-341B-4DE3-AF93-1B35C225538C}.Release|Any CPU.Build.0 = Release|Any CPU
		{8B95739B-B143-42FE-9324-BD1699448BED}.Debug|Any CPU.ActiveCfg = Debug|Any CPU
		{8B95739B-B143-42FE-9324-BD1699448BED}.Debug|Any CPU.Build.0 = Debug|Any CPU
		{8B95739B-B143-42FE-9324-BD1699448BED}.Release|Any CPU.ActiveCfg = Release|Any CPU
		{8B95739B-B143-42FE-9324-BD1699448BED}.Release|Any CPU.Build.0 = Release|Any CPU
		{A4A84DDB-65F6-4893-B4CB-F80871E4DE88}.Debug|Any CPU.ActiveCfg = Debug|Any CPU
		{A4A84DDB-65F6-4893-B4CB-F80871E4DE88}.Debug|Any CPU.Build.0 = Debug|Any CPU
		{A4A84DDB-65F6-4893-B4CB-F80871E4DE88}.Release|Any CPU.ActiveCfg = Release|Any CPU
		{A4A84DDB-65F6-4893-B4CB-F80871E4DE88}.Release|Any CPU.Build.0 = Release|Any CPU
		{AF179D43-A193-4743-B79A-C78B6E798861}.Debug|Any CPU.ActiveCfg = Debug|Any CPU
		{AF179D43-A193-4743-B79A-C78B6E798861}.Debug|Any CPU.Build.0 = Debug|Any CPU
		{AF179D43-A193-4743-B79A-C78B6E798861}.Release|Any CPU.ActiveCfg = Release|Any CPU
		{AF179D43-A193-4743-B79A-C78B6E798861}.Release|Any CPU.Build.0 = Release|Any CPU
		{A914A5A1-D20D-41AA-B2CD-D11FF194378D}.Debug|Any CPU.ActiveCfg = Debug|Any CPU
		{A914A5A1-D20D-41AA-B2CD-D11FF194378D}.Debug|Any CPU.Build.0 = Debug|Any CPU
		{A914A5A1-D20D-41AA-B2CD-D11FF194378D}.Release|Any CPU.ActiveCfg = Release|Any CPU
		{A914A5A1-D20D-41AA-B2CD-D11FF194378D}.Release|Any CPU.Build.0 = Release|Any CPU
		{5375BA16-E177-434A-BD7C-9916201A99AB}.Debug|Any CPU.ActiveCfg = Debug|Any CPU
		{5375BA16-E177-434A-BD7C-9916201A99AB}.Debug|Any CPU.Build.0 = Debug|Any CPU
		{5375BA16-E177-434A-BD7C-9916201A99AB}.Release|Any CPU.ActiveCfg = Release|Any CPU
		{5375BA16-E177-434A-BD7C-9916201A99AB}.Release|Any CPU.Build.0 = Release|Any CPU
		{C108654C-5158-42F5-818A-CEEFC4E83CD2}.Debug|Any CPU.ActiveCfg = Debug|Any CPU
		{C108654C-5158-42F5-818A-CEEFC4E83CD2}.Debug|Any CPU.Build.0 = Debug|Any CPU
		{C108654C-5158-42F5-818A-CEEFC4E83CD2}.Release|Any CPU.ActiveCfg = Release|Any CPU
		{C108654C-5158-42F5-818A-CEEFC4E83CD2}.Release|Any CPU.Build.0 = Release|Any CPU
		{70EE60A3-368F-496C-A8D6-AA04D03A1053}.Debug|Any CPU.ActiveCfg = Debug|Any CPU
		{70EE60A3-368F-496C-A8D6-AA04D03A1053}.Debug|Any CPU.Build.0 = Debug|Any CPU
		{70EE60A3-368F-496C-A8D6-AA04D03A1053}.Release|Any CPU.ActiveCfg = Release|Any CPU
		{70EE60A3-368F-496C-A8D6-AA04D03A1053}.Release|Any CPU.Build.0 = Release|Any CPU
		{DAD2149B-E359-4778-9AD6-436FF1BF6581}.Debug|Any CPU.ActiveCfg = Debug|Any CPU
		{DAD2149B-E359-4778-9AD6-436FF1BF6581}.Debug|Any CPU.Build.0 = Debug|Any CPU
		{DAD2149B-E359-4778-9AD6-436FF1BF6581}.Release|Any CPU.ActiveCfg = Release|Any CPU
		{DAD2149B-E359-4778-9AD6-436FF1BF6581}.Release|Any CPU.Build.0 = Release|Any CPU
		{248F59D4-5571-457A-BFDA-3CE1EFB41B28}.Debug|Any CPU.ActiveCfg = Debug|Any CPU
		{248F59D4-5571-457A-BFDA-3CE1EFB41B28}.Debug|Any CPU.Build.0 = Debug|Any CPU
		{248F59D4-5571-457A-BFDA-3CE1EFB41B28}.Release|Any CPU.ActiveCfg = Release|Any CPU
		{248F59D4-5571-457A-BFDA-3CE1EFB41B28}.Release|Any CPU.Build.0 = Release|Any CPU
		{DEA37391-3CA8-4891-87A9-30E8A0C5AE73}.Debug|Any CPU.ActiveCfg = Debug|Any CPU
		{DEA37391-3CA8-4891-87A9-30E8A0C5AE73}.Debug|Any CPU.Build.0 = Debug|Any CPU
		{DEA37391-3CA8-4891-87A9-30E8A0C5AE73}.Release|Any CPU.ActiveCfg = Release|Any CPU
		{DEA37391-3CA8-4891-87A9-30E8A0C5AE73}.Release|Any CPU.Build.0 = Release|Any CPU
		{F4CAA255-AFC0-4350-81BD-B4A230D1B814}.Debug|Any CPU.ActiveCfg = Debug|Any CPU
		{F4CAA255-AFC0-4350-81BD-B4A230D1B814}.Debug|Any CPU.Build.0 = Debug|Any CPU
		{F4CAA255-AFC0-4350-81BD-B4A230D1B814}.Release|Any CPU.ActiveCfg = Release|Any CPU
		{F4CAA255-AFC0-4350-81BD-B4A230D1B814}.Release|Any CPU.Build.0 = Release|Any CPU
		{4F6F8ECA-B3D0-434A-A66A-4D52F12B79D8}.Debug|Any CPU.ActiveCfg = Debug|Any CPU
		{4F6F8ECA-B3D0-434A-A66A-4D52F12B79D8}.Debug|Any CPU.Build.0 = Debug|Any CPU
		{4F6F8ECA-B3D0-434A-A66A-4D52F12B79D8}.Release|Any CPU.ActiveCfg = Release|Any CPU
		{4F6F8ECA-B3D0-434A-A66A-4D52F12B79D8}.Release|Any CPU.Build.0 = Release|Any CPU
		{7C196400-5D01-47FC-BAE3-55C10C7AAF65}.Debug|Any CPU.ActiveCfg = Debug|Any CPU
		{7C196400-5D01-47FC-BAE3-55C10C7AAF65}.Debug|Any CPU.Build.0 = Debug|Any CPU
		{7C196400-5D01-47FC-BAE3-55C10C7AAF65}.Release|Any CPU.ActiveCfg = Release|Any CPU
		{7C196400-5D01-47FC-BAE3-55C10C7AAF65}.Release|Any CPU.Build.0 = Release|Any CPU
		{57608BD8-0A45-497F-9263-4047F935B185}.Debug|Any CPU.ActiveCfg = Debug|Any CPU
		{57608BD8-0A45-497F-9263-4047F935B185}.Debug|Any CPU.Build.0 = Debug|Any CPU
		{57608BD8-0A45-497F-9263-4047F935B185}.Release|Any CPU.ActiveCfg = Release|Any CPU
		{57608BD8-0A45-497F-9263-4047F935B185}.Release|Any CPU.Build.0 = Release|Any CPU
		{25D98407-DD32-4096-8ECC-C9146793C893}.Debug|Any CPU.ActiveCfg = Debug|Any CPU
		{25D98407-DD32-4096-8ECC-C9146793C893}.Debug|Any CPU.Build.0 = Debug|Any CPU
		{25D98407-DD32-4096-8ECC-C9146793C893}.Release|Any CPU.ActiveCfg = Release|Any CPU
		{25D98407-DD32-4096-8ECC-C9146793C893}.Release|Any CPU.Build.0 = Release|Any CPU
		{4BE99B7F-6C30-401F-B5FF-AC56175FF637}.Debug|Any CPU.ActiveCfg = Debug|Any CPU
		{4BE99B7F-6C30-401F-B5FF-AC56175FF637}.Debug|Any CPU.Build.0 = Debug|Any CPU
		{4BE99B7F-6C30-401F-B5FF-AC56175FF637}.Release|Any CPU.ActiveCfg = Release|Any CPU
		{4BE99B7F-6C30-401F-B5FF-AC56175FF637}.Release|Any CPU.Build.0 = Release|Any CPU
		{2E593C77-7CD9-484A-8C62-7574072760AD}.Debug|Any CPU.ActiveCfg = Debug|Any CPU
		{2E593C77-7CD9-484A-8C62-7574072760AD}.Debug|Any CPU.Build.0 = Debug|Any CPU
		{2E593C77-7CD9-484A-8C62-7574072760AD}.Release|Any CPU.ActiveCfg = Release|Any CPU
		{2E593C77-7CD9-484A-8C62-7574072760AD}.Release|Any CPU.Build.0 = Release|Any CPU
		{5DD783B2-F762-4726-A1B1-DEE2C351C838}.Debug|Any CPU.ActiveCfg = Debug|Any CPU
		{5DD783B2-F762-4726-A1B1-DEE2C351C838}.Debug|Any CPU.Build.0 = Debug|Any CPU
		{5DD783B2-F762-4726-A1B1-DEE2C351C838}.Release|Any CPU.ActiveCfg = Release|Any CPU
		{5DD783B2-F762-4726-A1B1-DEE2C351C838}.Release|Any CPU.Build.0 = Release|Any CPU
		{A8C4DA3B-06F2-4772-A2F3-BECA872D404B}.Debug|Any CPU.ActiveCfg = Debug|Any CPU
		{A8C4DA3B-06F2-4772-A2F3-BECA872D404B}.Debug|Any CPU.Build.0 = Debug|Any CPU
		{A8C4DA3B-06F2-4772-A2F3-BECA872D404B}.Release|Any CPU.ActiveCfg = Release|Any CPU
		{A8C4DA3B-06F2-4772-A2F3-BECA872D404B}.Release|Any CPU.Build.0 = Release|Any CPU
		{AEB657E5-985D-426A-A659-77C84B7E4010}.Debug|Any CPU.ActiveCfg = Debug|Any CPU
		{AEB657E5-985D-426A-A659-77C84B7E4010}.Debug|Any CPU.Build.0 = Debug|Any CPU
		{AEB657E5-985D-426A-A659-77C84B7E4010}.Release|Any CPU.ActiveCfg = Release|Any CPU
		{AEB657E5-985D-426A-A659-77C84B7E4010}.Release|Any CPU.Build.0 = Release|Any CPU
		{135EA3DB-E6A9-4017-B001-0E89FE82627F}.Debug|Any CPU.ActiveCfg = Debug|Any CPU
		{135EA3DB-E6A9-4017-B001-0E89FE82627F}.Debug|Any CPU.Build.0 = Debug|Any CPU
		{135EA3DB-E6A9-4017-B001-0E89FE82627F}.Release|Any CPU.ActiveCfg = Release|Any CPU
		{135EA3DB-E6A9-4017-B001-0E89FE82627F}.Release|Any CPU.Build.0 = Release|Any CPU
		{E3EC2658-4E99-423A-9C36-E2B395B96576}.Debug|Any CPU.ActiveCfg = Debug|Any CPU
		{E3EC2658-4E99-423A-9C36-E2B395B96576}.Debug|Any CPU.Build.0 = Debug|Any CPU
		{E3EC2658-4E99-423A-9C36-E2B395B96576}.Release|Any CPU.ActiveCfg = Release|Any CPU
		{E3EC2658-4E99-423A-9C36-E2B395B96576}.Release|Any CPU.Build.0 = Release|Any CPU
		{F027467A-41EE-4B38-866B-08CF2F0DB49F}.Debug|Any CPU.ActiveCfg = Debug|Any CPU
		{F027467A-41EE-4B38-866B-08CF2F0DB49F}.Debug|Any CPU.Build.0 = Debug|Any CPU
		{F027467A-41EE-4B38-866B-08CF2F0DB49F}.Release|Any CPU.ActiveCfg = Release|Any CPU
		{F027467A-41EE-4B38-866B-08CF2F0DB49F}.Release|Any CPU.Build.0 = Release|Any CPU
		{FB850D34-9D07-4D93-AC3D-B4D4386FAF93}.Debug|Any CPU.ActiveCfg = Debug|Any CPU
		{FB850D34-9D07-4D93-AC3D-B4D4386FAF93}.Debug|Any CPU.Build.0 = Debug|Any CPU
		{FB850D34-9D07-4D93-AC3D-B4D4386FAF93}.Release|Any CPU.ActiveCfg = Release|Any CPU
		{FB850D34-9D07-4D93-AC3D-B4D4386FAF93}.Release|Any CPU.Build.0 = Release|Any CPU
		{8457EBC0-5462-4482-ACC1-6D92629D1671}.Debug|Any CPU.ActiveCfg = Debug|Any CPU
		{8457EBC0-5462-4482-ACC1-6D92629D1671}.Debug|Any CPU.Build.0 = Debug|Any CPU
		{8457EBC0-5462-4482-ACC1-6D92629D1671}.Release|Any CPU.ActiveCfg = Release|Any CPU
		{8457EBC0-5462-4482-ACC1-6D92629D1671}.Release|Any CPU.Build.0 = Release|Any CPU
		{B36B338B-40B2-423B-BFE2-3ABC178D004D}.Debug|Any CPU.ActiveCfg = Debug|Any CPU
		{B36B338B-40B2-423B-BFE2-3ABC178D004D}.Debug|Any CPU.Build.0 = Debug|Any CPU
		{B36B338B-40B2-423B-BFE2-3ABC178D004D}.Release|Any CPU.ActiveCfg = Release|Any CPU
		{B36B338B-40B2-423B-BFE2-3ABC178D004D}.Release|Any CPU.Build.0 = Release|Any CPU
		{48351B22-F2A0-4078-B2CC-FF33DA2C346C}.Debug|Any CPU.ActiveCfg = Debug|Any CPU
		{48351B22-F2A0-4078-B2CC-FF33DA2C346C}.Debug|Any CPU.Build.0 = Debug|Any CPU
		{48351B22-F2A0-4078-B2CC-FF33DA2C346C}.Release|Any CPU.ActiveCfg = Release|Any CPU
		{48351B22-F2A0-4078-B2CC-FF33DA2C346C}.Release|Any CPU.Build.0 = Release|Any CPU
		{F69ADB05-A0DB-40A8-917E-ECE6D26A69C1}.Debug|Any CPU.ActiveCfg = Debug|Any CPU
		{F69ADB05-A0DB-40A8-917E-ECE6D26A69C1}.Debug|Any CPU.Build.0 = Debug|Any CPU
		{F69ADB05-A0DB-40A8-917E-ECE6D26A69C1}.Release|Any CPU.ActiveCfg = Release|Any CPU
		{F69ADB05-A0DB-40A8-917E-ECE6D26A69C1}.Release|Any CPU.Build.0 = Release|Any CPU
		{5CC8676A-187B-4FCB-89FA-BFB0F61E4EEA}.Debug|Any CPU.ActiveCfg = Debug|Any CPU
		{5CC8676A-187B-4FCB-89FA-BFB0F61E4EEA}.Debug|Any CPU.Build.0 = Debug|Any CPU
		{5CC8676A-187B-4FCB-89FA-BFB0F61E4EEA}.Release|Any CPU.ActiveCfg = Release|Any CPU
		{5CC8676A-187B-4FCB-89FA-BFB0F61E4EEA}.Release|Any CPU.Build.0 = Release|Any CPU
		{27889B36-60B3-4D13-BEFA-404160AC7FBD}.Debug|Any CPU.ActiveCfg = Debug|Any CPU
		{27889B36-60B3-4D13-BEFA-404160AC7FBD}.Debug|Any CPU.Build.0 = Debug|Any CPU
		{27889B36-60B3-4D13-BEFA-404160AC7FBD}.Release|Any CPU.ActiveCfg = Release|Any CPU
		{27889B36-60B3-4D13-BEFA-404160AC7FBD}.Release|Any CPU.Build.0 = Release|Any CPU
	EndGlobalSection
	GlobalSection(SolutionProperties) = preSolution
		HideSolutionNode = FALSE
	EndGlobalSection
	GlobalSection(ExtensibilityGlobals) = postSolution
		SolutionGuid = {D7D5E765-2100-435B-BC28-B4AF528C559A}
	EndGlobalSection
EndGlobal
